
Microsoft Visual Studio Solution File, Format Version 12.00
# Visual Studio 2013
Project("{FAE04EC0-301F-11D3-BF4B-00C04F79EFBC}") = "UnityVS.mySkillPro.CSharp", "UnityVS.mySkillPro.CSharp.csproj", "{61A3AF89-5C88-AB1D-087C-7E45A8E8A8EF}"
EndProject
Global
	GlobalSection(SolutionConfigurationPlatforms) = preSolution
		Debug|Any CPU = Debug|Any CPU
		Release|Any CPU = Release|Any CPU
	EndGlobalSection
	GlobalSection(ProjectConfigurationPlatforms) = postSolution
		{61A3AF89-5C88-AB1D-087C-7E45A8E8A8EF}.Debug|Any CPU.ActiveCfg = Debug|Any CPU
		{61A3AF89-5C88-AB1D-087C-7E45A8E8A8EF}.Debug|Any CPU.Build.0 = Debug|Any CPU
		{61A3AF89-5C88-AB1D-087C-7E45A8E8A8EF}.Release|Any CPU.ActiveCfg = Release|Any CPU
		{61A3AF89-5C88-AB1D-087C-7E45A8E8A8EF}.Release|Any CPU.Build.0 = Release|Any CPU
	EndGlobalSection
	GlobalSection(SolutionProperties) = preSolution
		HideSolutionNode = FALSE
	EndGlobalSection
EndGlobal
